// !$*UTF8*$!
{
	archiveVersion = 1;
	classes = {
	};
	objectVersion = 48;
	objects = {

/* Begin PBXBuildFile section */
		2CCE5C4DE37A126EC7CA9139 /* Pods_Breakpoint.framework in Frameworks */ = {isa = PBXBuildFile; fileRef = 377E38628030D0471517D03D /* Pods_Breakpoint.framework */; };
		3C28E6F41F5CDB36001F6890 /* DataService.swift in Sources */ = {isa = PBXBuildFile; fileRef = 3C28E6F31F5CDB36001F6890 /* DataService.swift */; };
		3C28E6F61F5CF678001F6890 /* AuthVC.swift in Sources */ = {isa = PBXBuildFile; fileRef = 3C28E6F51F5CF678001F6890 /* AuthVC.swift */; };
		3C28E6F81F5CF6A5001F6890 /* LoginVC.swift in Sources */ = {isa = PBXBuildFile; fileRef = 3C28E6F71F5CF6A5001F6890 /* LoginVC.swift */; };
		3C28E6FA1F5CF704001F6890 /* InsetTextField.swift in Sources */ = {isa = PBXBuildFile; fileRef = 3C28E6F91F5CF704001F6890 /* InsetTextField.swift */; };
		3C28E6FC1F5CF857001F6890 /* ShadowView.swift in Sources */ = {isa = PBXBuildFile; fileRef = 3C28E6FB1F5CF857001F6890 /* ShadowView.swift */; };
		3C28E6FE1F5CFA79001F6890 /* GoogleService-Info.plist in CopyFiles */ = {isa = PBXBuildFile; fileRef = 3CEE5F3C1F5CD26300D33532 /* GoogleService-Info.plist */; };
		3C28E7001F5CFF35001F6890 /* AuthService.swift in Sources */ = {isa = PBXBuildFile; fileRef = 3C28E6FF1F5CFF35001F6890 /* AuthService.swift */; };
		3CEE5F241F5CCE4500D33532 /* AppDelegate.swift in Sources */ = {isa = PBXBuildFile; fileRef = 3CEE5F231F5CCE4500D33532 /* AppDelegate.swift */; };
		3CEE5F261F5CCE4500D33532 /* FeedVC.swift in Sources */ = {isa = PBXBuildFile; fileRef = 3CEE5F251F5CCE4500D33532 /* FeedVC.swift */; };
		3CEE5F281F5CCE4500D33532 /* GroupsVC.swift in Sources */ = {isa = PBXBuildFile; fileRef = 3CEE5F271F5CCE4500D33532 /* GroupsVC.swift */; };
		3CEE5F2B1F5CCE4500D33532 /* Main.storyboard in Resources */ = {isa = PBXBuildFile; fileRef = 3CEE5F291F5CCE4500D33532 /* Main.storyboard */; };
		3CEE5F2D1F5CCE4500D33532 /* Assets.xcassets in Resources */ = {isa = PBXBuildFile; fileRef = 3CEE5F2C1F5CCE4500D33532 /* Assets.xcassets */; };
		3CEE5F301F5CCE4500D33532 /* LaunchScreen.storyboard in Resources */ = {isa = PBXBuildFile; fileRef = 3CEE5F2E1F5CCE4500D33532 /* LaunchScreen.storyboard */; };
/* End PBXBuildFile section */

/* Begin PBXCopyFilesBuildPhase section */
		3C28E6FD1F5CFA6F001F6890 /* CopyFiles */ = {
			isa = PBXCopyFilesBuildPhase;
			buildActionMask = 2147483647;
			dstPath = "";
			dstSubfolderSpec = 7;
			files = (
				3C28E6FE1F5CFA79001F6890 /* GoogleService-Info.plist in CopyFiles */,
			);
			runOnlyForDeploymentPostprocessing = 0;
		};
/* End PBXCopyFilesBuildPhase section */

/* Begin PBXFileReference section */
		0CAFEAB1BBAFB96DF7906B5B /* Pods-Breakpoint.release.xcconfig */ = {isa = PBXFileReference; includeInIndex = 1; lastKnownFileType = text.xcconfig; name = "Pods-Breakpoint.release.xcconfig"; path = "Pods/Target Support Files/Pods-Breakpoint/Pods-Breakpoint.release.xcconfig"; sourceTree = "<group>"; };
		377E38628030D0471517D03D /* Pods_Breakpoint.framework */ = {isa = PBXFileReference; explicitFileType = wrapper.framework; includeInIndex = 0; path = Pods_Breakpoint.framework; sourceTree = BUILT_PRODUCTS_DIR; };
		3C28E6F31F5CDB36001F6890 /* DataService.swift */ = {isa = PBXFileReference; lastKnownFileType = sourcecode.swift; path = DataService.swift; sourceTree = "<group>"; };
		3C28E6F51F5CF678001F6890 /* AuthVC.swift */ = {isa = PBXFileReference; lastKnownFileType = sourcecode.swift; path = AuthVC.swift; sourceTree = "<group>"; };
		3C28E6F71F5CF6A5001F6890 /* LoginVC.swift */ = {isa = PBXFileReference; lastKnownFileType = sourcecode.swift; path = LoginVC.swift; sourceTree = "<group>"; };
		3C28E6F91F5CF704001F6890 /* InsetTextField.swift */ = {isa = PBXFileReference; lastKnownFileType = sourcecode.swift; path = InsetTextField.swift; sourceTree = "<group>"; };
		3C28E6FB1F5CF857001F6890 /* ShadowView.swift */ = {isa = PBXFileReference; lastKnownFileType = sourcecode.swift; path = ShadowView.swift; sourceTree = "<group>"; };
		3C28E6FF1F5CFF35001F6890 /* AuthService.swift */ = {isa = PBXFileReference; lastKnownFileType = sourcecode.swift; path = AuthService.swift; sourceTree = "<group>"; };
		3CEE5F201F5CCE4500D33532 /* Breakpoint.app */ = {isa = PBXFileReference; explicitFileType = wrapper.application; includeInIndex = 0; path = Breakpoint.app; sourceTree = BUILT_PRODUCTS_DIR; };
		3CEE5F231F5CCE4500D33532 /* AppDelegate.swift */ = {isa = PBXFileReference; lastKnownFileType = sourcecode.swift; path = AppDelegate.swift; sourceTree = "<group>"; };
		3CEE5F251F5CCE4500D33532 /* FeedVC.swift */ = {isa = PBXFileReference; lastKnownFileType = sourcecode.swift; path = FeedVC.swift; sourceTree = "<group>"; };
		3CEE5F271F5CCE4500D33532 /* GroupsVC.swift */ = {isa = PBXFileReference; lastKnownFileType = sourcecode.swift; path = GroupsVC.swift; sourceTree = "<group>"; };
		3CEE5F2A1F5CCE4500D33532 /* Base */ = {isa = PBXFileReference; lastKnownFileType = file.storyboard; name = Base; path = Base.lproj/Main.storyboard; sourceTree = "<group>"; };
		3CEE5F2C1F5CCE4500D33532 /* Assets.xcassets */ = {isa = PBXFileReference; lastKnownFileType = folder.assetcatalog; path = Assets.xcassets; sourceTree = "<group>"; };
		3CEE5F2F1F5CCE4500D33532 /* Base */ = {isa = PBXFileReference; lastKnownFileType = file.storyboard; name = Base; path = Base.lproj/LaunchScreen.storyboard; sourceTree = "<group>"; };
		3CEE5F311F5CCE4500D33532 /* Info.plist */ = {isa = PBXFileReference; lastKnownFileType = text.plist.xml; path = Info.plist; sourceTree = "<group>"; };
		3CEE5F3C1F5CD26300D33532 /* GoogleService-Info.plist */ = {isa = PBXFileReference; lastKnownFileType = text.plist.xml; path = "GoogleService-Info.plist"; sourceTree = "<group>"; };
		84DF0F39DF9218FD4A8C8391 /* Pods-Breakpoint.debug.xcconfig */ = {isa = PBXFileReference; includeInIndex = 1; lastKnownFileType = text.xcconfig; name = "Pods-Breakpoint.debug.xcconfig"; path = "Pods/Target Support Files/Pods-Breakpoint/Pods-Breakpoint.debug.xcconfig"; sourceTree = "<group>"; };
/* End PBXFileReference section */

/* Begin PBXFrameworksBuildPhase section */
		3CEE5F1D1F5CCE4500D33532 /* Frameworks */ = {
			isa = PBXFrameworksBuildPhase;
			buildActionMask = 2147483647;
			files = (
				2CCE5C4DE37A126EC7CA9139 /* Pods_Breakpoint.framework in Frameworks */,
			);
			runOnlyForDeploymentPostprocessing = 0;
		};
/* End PBXFrameworksBuildPhase section */

/* Begin PBXGroup section */
		3CEE5F171F5CCE4400D33532 = {
			isa = PBXGroup;
			children = (
				3CEE5F221F5CCE4500D33532 /* Breakpoint */,
				3CEE5F211F5CCE4500D33532 /* Products */,
				CE2C71D05EB3FC871949E1F3 /* Pods */,
				915A9EAB79DDB5A761D18539 /* Frameworks */,
			);
			sourceTree = "<group>";
		};
		3CEE5F211F5CCE4500D33532 /* Products */ = {
			isa = PBXGroup;
			children = (
				3CEE5F201F5CCE4500D33532 /* Breakpoint.app */,
			);
			name = Products;
			sourceTree = "<group>";
		};
		3CEE5F221F5CCE4500D33532 /* Breakpoint */ = {
			isa = PBXGroup;
			children = (
				3CEE5F3B1F5CCED000D33532 /* Services */,
				3CEE5F3A1F5CCEA500D33532 /* Extensions */,
				3CEE5F391F5CCE9F00D33532 /* Model */,
				3CEE5F381F5CCE9900D33532 /* View */,
				3CEE5F371F5CCE8F00D33532 /* Controller */,
				3CEE5F231F5CCE4500D33532 /* AppDelegate.swift */,
				3CEE5F291F5CCE4500D33532 /* Main.storyboard */,
				3CEE5F2C1F5CCE4500D33532 /* Assets.xcassets */,
				3CEE5F2E1F5CCE4500D33532 /* LaunchScreen.storyboard */,
				3CEE5F3C1F5CD26300D33532 /* GoogleService-Info.plist */,
				3CEE5F311F5CCE4500D33532 /* Info.plist */,
			);
			path = Breakpoint;
			sourceTree = "<group>";
		};
		3CEE5F371F5CCE8F00D33532 /* Controller */ = {
			isa = PBXGroup;
			children = (
				3CEE5F251F5CCE4500D33532 /* FeedVC.swift */,
				3CEE5F271F5CCE4500D33532 /* GroupsVC.swift */,
				3C28E6F51F5CF678001F6890 /* AuthVC.swift */,
				3C28E6F71F5CF6A5001F6890 /* LoginVC.swift */,
			);
			path = Controller;
			sourceTree = "<group>";
		};
		3CEE5F381F5CCE9900D33532 /* View */ = {
			isa = PBXGroup;
			children = (
				3C28E6F91F5CF704001F6890 /* InsetTextField.swift */,
				3C28E6FB1F5CF857001F6890 /* ShadowView.swift */,
			);
			path = View;
			sourceTree = "<group>";
		};
		3CEE5F391F5CCE9F00D33532 /* Model */ = {
			isa = PBXGroup;
			children = (
			);
			path = Model;
			sourceTree = "<group>";
		};
		3CEE5F3A1F5CCEA500D33532 /* Extensions */ = {
			isa = PBXGroup;
			children = (
			);
			path = Extensions;
			sourceTree = "<group>";
		};
		3CEE5F3B1F5CCED000D33532 /* Services */ = {
			isa = PBXGroup;
			children = (
				3C28E6F31F5CDB36001F6890 /* DataService.swift */,
				3C28E6FF1F5CFF35001F6890 /* AuthService.swift */,
			);
			path = Services;
			sourceTree = "<group>";
		};
		915A9EAB79DDB5A761D18539 /* Frameworks */ = {
			isa = PBXGroup;
			children = (
				377E38628030D0471517D03D /* Pods_Breakpoint.framework */,
			);
			name = Frameworks;
			sourceTree = "<group>";
		};
		CE2C71D05EB3FC871949E1F3 /* Pods */ = {
			isa = PBXGroup;
			children = (
				84DF0F39DF9218FD4A8C8391 /* Pods-Breakpoint.debug.xcconfig */,
				0CAFEAB1BBAFB96DF7906B5B /* Pods-Breakpoint.release.xcconfig */,
			);
			name = Pods;
			sourceTree = "<group>";
		};
/* End PBXGroup section */

/* Begin PBXNativeTarget section */
		3CEE5F1F1F5CCE4500D33532 /* Breakpoint */ = {
			isa = PBXNativeTarget;
			buildConfigurationList = 3CEE5F341F5CCE4500D33532 /* Build configuration list for PBXNativeTarget "Breakpoint" */;
			buildPhases = (
				4226F3C74AA654AA92E3107B /* [CP] Check Pods Manifest.lock */,
				3CEE5F1C1F5CCE4500D33532 /* Sources */,
				3CEE5F1D1F5CCE4500D33532 /* Frameworks */,
				3CEE5F1E1F5CCE4500D33532 /* Resources */,
				BB6588C60E27FB09EF0E1A56 /* [CP] Embed Pods Frameworks */,
				226EA702A7D20E182492DB50 /* [CP] Copy Pods Resources */,
				3C28E6FD1F5CFA6F001F6890 /* CopyFiles */,
			);
			buildRules = (
			);
			dependencies = (
			);
			name = Breakpoint;
			productName = Breakpoint;
			productReference = 3CEE5F201F5CCE4500D33532 /* Breakpoint.app */;
			productType = "com.apple.product-type.application";
		};
/* End PBXNativeTarget section */

/* Begin PBXProject section */
		3CEE5F181F5CCE4400D33532 /* Project object */ = {
			isa = PBXProject;
			attributes = {
				LastSwiftUpdateCheck = 0900;
				LastUpgradeCheck = 0900;
				ORGANIZATIONNAME = "Sanjay Vekariya";
				TargetAttributes = {
					3CEE5F1F1F5CCE4500D33532 = {
						CreatedOnToolsVersion = 9.0;
						ProvisioningStyle = Automatic;
					};
				};
			};
			buildConfigurationList = 3CEE5F1B1F5CCE4400D33532 /* Build configuration list for PBXProject "Breakpoint" */;
			compatibilityVersion = "Xcode 8.0";
			developmentRegion = en;
			hasScannedForEncodings = 0;
			knownRegions = (
				en,
				Base,
			);
			mainGroup = 3CEE5F171F5CCE4400D33532;
			productRefGroup = 3CEE5F211F5CCE4500D33532 /* Products */;
			projectDirPath = "";
			projectRoot = "";
			targets = (
				3CEE5F1F1F5CCE4500D33532 /* Breakpoint */,
			);
		};
/* End PBXProject section */

/* Begin PBXResourcesBuildPhase section */
		3CEE5F1E1F5CCE4500D33532 /* Resources */ = {
			isa = PBXResourcesBuildPhase;
			buildActionMask = 2147483647;
			files = (
				3CEE5F301F5CCE4500D33532 /* LaunchScreen.storyboard in Resources */,
				3CEE5F2D1F5CCE4500D33532 /* Assets.xcassets in Resources */,
				3CEE5F2B1F5CCE4500D33532 /* Main.storyboard in Resources */,
			);
			runOnlyForDeploymentPostprocessing = 0;
		};
/* End PBXResourcesBuildPhase section */

/* Begin PBXShellScriptBuildPhase section */
		226EA702A7D20E182492DB50 /* [CP] Copy Pods Resources */ = {
			isa = PBXShellScriptBuildPhase;
			buildActionMask = 2147483647;
			files = (
			);
			inputPaths = (
			);
			name = "[CP] Copy Pods Resources";
			outputPaths = (
			);
			runOnlyForDeploymentPostprocessing = 0;
			shellPath = /bin/sh;
			shellScript = "\"${SRCROOT}/Pods/Target Support Files/Pods-Breakpoint/Pods-Breakpoint-resources.sh\"\n";
			showEnvVarsInLog = 0;
		};
		4226F3C74AA654AA92E3107B /* [CP] Check Pods Manifest.lock */ = {
			isa = PBXShellScriptBuildPhase;
			buildActionMask = 2147483647;
			files = (
			);
			inputPaths = (
				"${PODS_PODFILE_DIR_PATH}/Podfile.lock",
				"${PODS_ROOT}/Manifest.lock",
			);
			name = "[CP] Check Pods Manifest.lock";
			outputPaths = (
				"$(DERIVED_FILE_DIR)/Pods-Breakpoint-checkManifestLockResult.txt",
			);
			runOnlyForDeploymentPostprocessing = 0;
			shellPath = /bin/sh;
			shellScript = "diff \"${PODS_PODFILE_DIR_PATH}/Podfile.lock\" \"${PODS_ROOT}/Manifest.lock\" > /dev/null\nif [ $? != 0 ] ; then\n    # print error to STDERR\n    echo \"error: The sandbox is not in sync with the Podfile.lock. Run 'pod install' or update your CocoaPods installation.\" >&2\n    exit 1\nfi\n# This output is used by Xcode 'outputs' to avoid re-running this script phase.\necho \"SUCCESS\" > \"${SCRIPT_OUTPUT_FILE_0}\"\n";
			showEnvVarsInLog = 0;
		};
		BB6588C60E27FB09EF0E1A56 /* [CP] Embed Pods Frameworks */ = {
			isa = PBXShellScriptBuildPhase;
			buildActionMask = 2147483647;
			files = (
			);
			inputPaths = (
				"${SRCROOT}/Pods/Target Support Files/Pods-Breakpoint/Pods-Breakpoint-frameworks.sh",
				"${BUILT_PRODUCTS_DIR}/GTMSessionFetcher/GTMSessionFetcher.framework",
				"${BUILT_PRODUCTS_DIR}/GoogleToolboxForMac/GoogleToolboxForMac.framework",
				"${BUILT_PRODUCTS_DIR}/nanopb/nanopb.framework",
			);
			name = "[CP] Embed Pods Frameworks";
			outputPaths = (
				"${TARGET_BUILD_DIR}/${FRAMEWORKS_FOLDER_PATH}/GTMSessionFetcher.framework",
				"${TARGET_BUILD_DIR}/${FRAMEWORKS_FOLDER_PATH}/GoogleToolboxForMac.framework",
				"${TARGET_BUILD_DIR}/${FRAMEWORKS_FOLDER_PATH}/nanopb.framework",
			);
			runOnlyForDeploymentPostprocessing = 0;
			shellPath = /bin/sh;
			shellScript = "\"${SRCROOT}/Pods/Target Support Files/Pods-Breakpoint/Pods-Breakpoint-frameworks.sh\"\n";
			showEnvVarsInLog = 0;
		};
/* End PBXShellScriptBuildPhase section */

/* Begin PBXSourcesBuildPhase section */
		3CEE5F1C1F5CCE4500D33532 /* Sources */ = {
			isa = PBXSourcesBuildPhase;
			buildActionMask = 2147483647;
			files = (
				3C28E6F61F5CF678001F6890 /* AuthVC.swift in Sources */,
				3CEE5F281F5CCE4500D33532 /* GroupsVC.swift in Sources */,
				3C28E6F81F5CF6A5001F6890 /* LoginVC.swift in Sources */,
				3C28E7001F5CFF35001F6890 /* AuthService.swift in Sources */,
				3CEE5F241F5CCE4500D33532 /* AppDelegate.swift in Sources */,
				3C28E6FC1F5CF857001F6890 /* ShadowView.swift in Sources */,
				3CEE5F261F5CCE4500D33532 /* FeedVC.swift in Sources */,
				3C28E6FA1F5CF704001F6890 /* InsetTextField.swift in Sources */,
				3C28E6F41F5CDB36001F6890 /* DataService.swift in Sources */,
			);
			runOnlyForDeploymentPostprocessing = 0;
		};
/* End PBXSourcesBuildPhase section */

/* Begin PBXVariantGroup section */
		3CEE5F291F5CCE4500D33532 /* Main.storyboard */ = {
			isa = PBXVariantGroup;
			children = (
				3CEE5F2A1F5CCE4500D33532 /* Base */,
			);
			name = Main.storyboard;
			sourceTree = "<group>";
		};
		3CEE5F2E1F5CCE4500D33532 /* LaunchScreen.storyboard */ = {
			isa = PBXVariantGroup;
			children = (
				3CEE5F2F1F5CCE4500D33532 /* Base */,
			);
			name = LaunchScreen.storyboard;
			sourceTree = "<group>";
		};
/* End PBXVariantGroup section */

/* Begin XCBuildConfiguration section */
		3CEE5F321F5CCE4500D33532 /* Debug */ = {
			isa = XCBuildConfiguration;
			buildSettings = {
				ALWAYS_SEARCH_USER_PATHS = NO;
				CLANG_ANALYZER_NONNULL = YES;
				CLANG_ANALYZER_NUMBER_OBJECT_CONVERSION = YES_AGGRESSIVE;
				CLANG_CXX_LANGUAGE_STANDARD = "gnu++14";
				CLANG_CXX_LIBRARY = "libc++";
				CLANG_ENABLE_MODULES = YES;
				CLANG_ENABLE_OBJC_ARC = YES;
				CLANG_WARN_BLOCK_CAPTURE_AUTORELEASING = YES;
				CLANG_WARN_BOOL_CONVERSION = YES;
				CLANG_WARN_COMMA = YES;
				CLANG_WARN_CONSTANT_CONVERSION = YES;
				CLANG_WARN_DIRECT_OBJC_ISA_USAGE = YES_ERROR;
				CLANG_WARN_DOCUMENTATION_COMMENTS = YES;
				CLANG_WARN_EMPTY_BODY = YES;
				CLANG_WARN_ENUM_CONVERSION = YES;
				CLANG_WARN_INFINITE_RECURSION = YES;
				CLANG_WARN_INT_CONVERSION = YES;
				CLANG_WARN_NON_LITERAL_NULL_CONVERSION = YES;
				CLANG_WARN_OBJC_LITERAL_CONVERSION = YES;
				CLANG_WARN_OBJC_ROOT_CLASS = YES_ERROR;
				CLANG_WARN_RANGE_LOOP_ANALYSIS = YES;
				CLANG_WARN_STRICT_PROTOTYPES = YES;
				CLANG_WARN_SUSPICIOUS_MOVE = YES;
				CLANG_WARN_UNGUARDED_AVAILABILITY = YES_AGGRESSIVE;
				CLANG_WARN_UNREACHABLE_CODE = YES;
				CLANG_WARN__DUPLICATE_METHOD_MATCH = YES;
				CODE_SIGN_IDENTITY = "iPhone Developer";
				COPY_PHASE_STRIP = NO;
				DEBUG_INFORMATION_FORMAT = dwarf;
				ENABLE_STRICT_OBJC_MSGSEND = YES;
				ENABLE_TESTABILITY = YES;
				GCC_C_LANGUAGE_STANDARD = gnu11;
				GCC_DYNAMIC_NO_PIC = NO;
				GCC_NO_COMMON_BLOCKS = YES;
				GCC_OPTIMIZATION_LEVEL = 0;
				GCC_PREPROCESSOR_DEFINITIONS = (
					"DEBUG=1",
					"$(inherited)",
				);
				GCC_WARN_64_TO_32_BIT_CONVERSION = YES;
				GCC_WARN_ABOUT_RETURN_TYPE = YES_ERROR;
				GCC_WARN_UNDECLARED_SELECTOR = YES;
				GCC_WARN_UNINITIALIZED_AUTOS = YES_AGGRESSIVE;
				GCC_WARN_UNUSED_FUNCTION = YES;
				GCC_WARN_UNUSED_VARIABLE = YES;
				IPHONEOS_DEPLOYMENT_TARGET = 11.0;
				MTL_ENABLE_DEBUG_INFO = YES;
				ONLY_ACTIVE_ARCH = YES;
				SDKROOT = iphoneos;
				SWIFT_ACTIVE_COMPILATION_CONDITIONS = DEBUG;
				SWIFT_OPTIMIZATION_LEVEL = "-Onone";
			};
			name = Debug;
		};
		3CEE5F331F5CCE4500D33532 /* Release */ = {
			isa = XCBuildConfiguration;
			buildSettings = {
				ALWAYS_SEARCH_USER_PATHS = NO;
				CLANG_ANALYZER_NONNULL = YES;
				CLANG_ANALYZER_NUMBER_OBJECT_CONVERSION = YES_AGGRESSIVE;
				CLANG_CXX_LANGUAGE_STANDARD = "gnu++14";
				CLANG_CXX_LIBRARY = "libc++";
				CLANG_ENABLE_MODULES = YES;
				CLANG_ENABLE_OBJC_ARC = YES;
				CLANG_WARN_BLOCK_CAPTURE_AUTORELEASING = YES;
				CLANG_WARN_BOOL_CONVERSION = YES;
				CLANG_WARN_COMMA = YES;
				CLANG_WARN_CONSTANT_CONVERSION = YES;
				CLANG_WARN_DIRECT_OBJC_ISA_USAGE = YES_ERROR;
				CLANG_WARN_DOCUMENTATION_COMMENTS = YES;
				CLANG_WARN_EMPTY_BODY = YES;
				CLANG_WARN_ENUM_CONVERSION = YES;
				CLANG_WARN_INFINITE_RECURSION = YES;
				CLANG_WARN_INT_CONVERSION = YES;
				CLANG_WARN_NON_LITERAL_NULL_CONVERSION = YES;
				CLANG_WARN_OBJC_LITERAL_CONVERSION = YES;
				CLANG_WARN_OBJC_ROOT_CLASS = YES_ERROR;
				CLANG_WARN_RANGE_LOOP_ANALYSIS = YES;
				CLANG_WARN_STRICT_PROTOTYPES = YES;
				CLANG_WARN_SUSPICIOUS_MOVE = YES;
				CLANG_WARN_UNGUARDED_AVAILABILITY = YES_AGGRESSIVE;
				CLANG_WARN_UNREACHABLE_CODE = YES;
				CLANG_WARN__DUPLICATE_METHOD_MATCH = YES;
				CODE_SIGN_IDENTITY = "iPhone Developer";
				COPY_PHASE_STRIP = NO;
				DEBUG_INFORMATION_FORMAT = "dwarf-with-dsym";
				ENABLE_NS_ASSERTIONS = NO;
				ENABLE_STRICT_OBJC_MSGSEND = YES;
				GCC_C_LANGUAGE_STANDARD = gnu11;
				GCC_NO_COMMON_BLOCKS = YES;
				GCC_WARN_64_TO_32_BIT_CONVERSION = YES;
				GCC_WARN_ABOUT_RETURN_TYPE = YES_ERROR;
				GCC_WARN_UNDECLARED_SELECTOR = YES;
				GCC_WARN_UNINITIALIZED_AUTOS = YES_AGGRESSIVE;
				GCC_WARN_UNUSED_FUNCTION = YES;
				GCC_WARN_UNUSED_VARIABLE = YES;
				IPHONEOS_DEPLOYMENT_TARGET = 11.0;
				MTL_ENABLE_DEBUG_INFO = NO;
				SDKROOT = iphoneos;
				SWIFT_OPTIMIZATION_LEVEL = "-Owholemodule";
				VALIDATE_PRODUCT = YES;
			};
			name = Release;
		};
		3CEE5F351F5CCE4500D33532 /* Debug */ = {
			isa = XCBuildConfiguration;
			baseConfigurationReference = 84DF0F39DF9218FD4A8C8391 /* Pods-Breakpoint.debug.xcconfig */;
			buildSettings = {
				ASSETCATALOG_COMPILER_APPICON_NAME = AppIcon;
				CODE_SIGN_STYLE = Automatic;
				DEVELOPMENT_TEAM = NJU3H3UY7Y;
				INFOPLIST_FILE = Breakpoint/Info.plist;
				IPHONEOS_DEPLOYMENT_TARGET = 10.3;
				LD_RUNPATH_SEARCH_PATHS = "$(inherited) @executable_path/Frameworks";
				PRODUCT_BUNDLE_IDENTIFIER = worldwideinc.Breakpoint;
				PRODUCT_NAME = "$(TARGET_NAME)";
				SWIFT_VERSION = 4.0;
				TARGETED_DEVICE_FAMILY = "1,2";
			};
			name = Debug;
		};
		3CEE5F361F5CCE4500D33532 /* Release */ = {
			isa = XCBuildConfiguration;
			baseConfigurationReference = 0CAFEAB1BBAFB96DF7906B5B /* Pods-Breakpoint.release.xcconfig */;
			buildSettings = {
				ASSETCATALOG_COMPILER_APPICON_NAME = AppIcon;
				CODE_SIGN_STYLE = Automatic;
				DEVELOPMENT_TEAM = NJU3H3UY7Y;
				INFOPLIST_FILE = Breakpoint/Info.plist;
				IPHONEOS_DEPLOYMENT_TARGET = 10.3;
				LD_RUNPATH_SEARCH_PATHS = "$(inherited) @executable_path/Frameworks";
				PRODUCT_BUNDLE_IDENTIFIER = worldwideinc.Breakpoint;
				PRODUCT_NAME = "$(TARGET_NAME)";
				SWIFT_VERSION = 4.0;
				TARGETED_DEVICE_FAMILY = "1,2";
			};
			name = Release;
		};
/* End XCBuildConfiguration section */

/* Begin XCConfigurationList section */
		3CEE5F1B1F5CCE4400D33532 /* Build configuration list for PBXProject "Breakpoint" */ = {
			isa = XCConfigurationList;
			buildConfigurations = (
				3CEE5F321F5CCE4500D33532 /* Debug */,
				3CEE5F331F5CCE4500D33532 /* Release */,
			);
			defaultConfigurationIsVisible = 0;
			defaultConfigurationName = Release;
		};
		3CEE5F341F5CCE4500D33532 /* Build configuration list for PBXNativeTarget "Breakpoint" */ = {
			isa = XCConfigurationList;
			buildConfigurations = (
				3CEE5F351F5CCE4500D33532 /* Debug */,
				3CEE5F361F5CCE4500D33532 /* Release */,
			);
			defaultConfigurationIsVisible = 0;
			defaultConfigurationName = Release;
		};
/* End XCConfigurationList section */
	};
	rootObject = 3CEE5F181F5CCE4400D33532 /* Project object */;
}
